
Microsoft Visual Studio Solution File, Format Version 12.00
Project("{FAE04EC0-301F-11D3-BF4B-00C04F79EFBC}") = "WebApp", "WebApp\WebApp.csproj", "{2EBDF393-A884-471A-A65F-E59D7AE8DABD}"
EndProject
Global
	GlobalSection(SolutionConfigurationPlatforms) = preSolution
		Debug|Any CPU = Debug|Any CPU
		Release|Any CPU = Release|Any CPU
	EndGlobalSection
	GlobalSection(ProjectConfigurationPlatforms) = postSolution
		{2EBDF393-A884-471A-A65F-E59D7AE8DABD}.Debug|Any CPU.ActiveCfg = Debug|Any CPU
		{2EBDF393-A884-471A-A65F-E59D7AE8DABD}.Debug|Any CPU.Build.0 = Debug|Any CPU
		{2EBDF393-A884-471A-A65F-E59D7AE8DABD}.Release|Any CPU.ActiveCfg = Release|Any CPU
		{2EBDF393-A884-471A-A65F-E59D7AE8DABD}.Release|Any CPU.Build.0 = Release|Any CPU
	EndGlobalSection
EndGlobal
